
Microsoft Visual Studio Solution File, Format Version 12.00
# Visual Studio Version 17
VisualStudioVersion = 17.5.33530.505
MinimumVisualStudioVersion = 10.0.40219.1
Project("{C9674DCB-5085-4A16-B785-4C70DD1589BD}") = "AircraftAccidentIntegrationServices", "AircraftAccidentIntegrationServices\AircraftAccidentIntegrationServices.dtproj", "{D9A37002-B734-4479-9D09-74B991E0A44A}"
EndProject
Global
	GlobalSection(SolutionConfigurationPlatforms) = preSolution
		Development|Default = Development|Default
	EndGlobalSection
	GlobalSection(ProjectConfigurationPlatforms) = postSolution
		{D9A37002-B734-4479-9D09-74B991E0A44A}.Development|Default.ActiveCfg = Development
		{D9A37002-B734-4479-9D09-74B991E0A44A}.Development|Default.Build.0 = Development
	EndGlobalSection
	GlobalSection(SolutionProperties) = preSolution
		HideSolutionNode = FALSE
	EndGlobalSection
	GlobalSection(ExtensibilityGlobals) = postSolution
		SolutionGuid = {0E0B6B09-B600-4088-AA1B-E770AF1CAA1B}
	EndGlobalSection
EndGlobal
